// !$*UTF8*$!
{
	archiveVersion = 1;
	classes = {
	};
	objectVersion = 46;
	objects = {

/* Begin PBXBuildFile section */
		74A804981E99E59F00B2F07B /* FirstViewController.m in Sources */ = {isa = PBXBuildFile; fileRef = 74A804971E99E59F00B2F07B /* FirstViewController.m */; };
		74A8049B1E99E63B00B2F07B /* SecondViewController.m in Sources */ = {isa = PBXBuildFile; fileRef = 74A8049A1E99E63B00B2F07B /* SecondViewController.m */; };
		74A8049E1E99E6E500B2F07B /* MTBasicTransition.m in Sources */ = {isa = PBXBuildFile; fileRef = 74A8049D1E99E6E500B2F07B /* MTBasicTransition.m */; };
		74A804A11E9A1CA600B2F07B /* MTNativeTransition.m in Sources */ = {isa = PBXBuildFile; fileRef = 74A804A01E9A1CA600B2F07B /* MTNativeTransition.m */; };
		74A804A71E9A479C00B2F07B /* MTCircleSpreadTransition.m in Sources */ = {isa = PBXBuildFile; fileRef = 74A804A61E9A479C00B2F07B /* MTCircleSpreadTransition.m */; };
		74E31C451E98870800F2E9DE /* main.m in Sources */ = {isa = PBXBuildFile; fileRef = 74E31C441E98870800F2E9DE /* main.m */; };
		74E31C481E98870800F2E9DE /* AppDelegate.m in Sources */ = {isa = PBXBuildFile; fileRef = 74E31C471E98870800F2E9DE /* AppDelegate.m */; };
		74E31C4E1E98870800F2E9DE /* Main.storyboard in Resources */ = {isa = PBXBuildFile; fileRef = 74E31C4C1E98870800F2E9DE /* Main.storyboard */; };
		74E31C501E98870800F2E9DE /* Assets.xcassets in Resources */ = {isa = PBXBuildFile; fileRef = 74E31C4F1E98870800F2E9DE /* Assets.xcassets */; };
		74E31C531E98870800F2E9DE /* LaunchScreen.storyboard in Resources */ = {isa = PBXBuildFile; fileRef = 74E31C511E98870800F2E9DE /* LaunchScreen.storyboard */; };
/* End PBXBuildFile section */

/* Begin PBXFileReference section */
		74A804961E99E59F00B2F07B /* FirstViewController.h */ = {isa = PBXFileReference; fileEncoding = 4; lastKnownFileType = sourcecode.c.h; path = FirstViewController.h; sourceTree = "<group>"; };
		74A804971E99E59F00B2F07B /* FirstViewController.m */ = {isa = PBXFileReference; fileEncoding = 4; lastKnownFileType = sourcecode.c.objc; path = FirstViewController.m; sourceTree = "<group>"; };
		74A804991E99E63B00B2F07B /* SecondViewController.h */ = {isa = PBXFileReference; fileEncoding = 4; lastKnownFileType = sourcecode.c.h; path = SecondViewController.h; sourceTree = "<group>"; };
		74A8049A1E99E63B00B2F07B /* SecondViewController.m */ = {isa = PBXFileReference; fileEncoding = 4; lastKnownFileType = sourcecode.c.objc; path = SecondViewController.m; sourceTree = "<group>"; };
		74A8049C1E99E6E500B2F07B /* MTBasicTransition.h */ = {isa = PBXFileReference; fileEncoding = 4; lastKnownFileType = sourcecode.c.h; path = MTBasicTransition.h; sourceTree = "<group>"; };
		74A8049D1E99E6E500B2F07B /* MTBasicTransition.m */ = {isa = PBXFileReference; fileEncoding = 4; lastKnownFileType = sourcecode.c.objc; path = MTBasicTransition.m; sourceTree = "<group>"; };
		74A8049F1E9A1CA600B2F07B /* MTNativeTransition.h */ = {isa = PBXFileReference; fileEncoding = 4; lastKnownFileType = sourcecode.c.h; path = MTNativeTransition.h; sourceTree = "<group>"; };
		74A804A01E9A1CA600B2F07B /* MTNativeTransition.m */ = {isa = PBXFileReference; fileEncoding = 4; lastKnownFileType = sourcecode.c.objc; path = MTNativeTransition.m; sourceTree = "<group>"; };
		74A804A51E9A479C00B2F07B /* MTCircleSpreadTransition.h */ = {isa = PBXFileReference; fileEncoding = 4; lastKnownFileType = sourcecode.c.h; path = MTCircleSpreadTransition.h; sourceTree = "<group>"; };
		74A804A61E9A479C00B2F07B /* MTCircleSpreadTransition.m */ = {isa = PBXFileReference; fileEncoding = 4; lastKnownFileType = sourcecode.c.objc; path = MTCircleSpreadTransition.m; sourceTree = "<group>"; };
		74E31C401E98870800F2E9DE /* MTLTransitionAnimation.app */ = {isa = PBXFileReference; explicitFileType = wrapper.application; includeInIndex = 0; path = MTLTransitionAnimation.app; sourceTree = BUILT_PRODUCTS_DIR; };
		74E31C441E98870800F2E9DE /* main.m */ = {isa = PBXFileReference; lastKnownFileType = sourcecode.c.objc; path = main.m; sourceTree = "<group>"; };
		74E31C461E98870800F2E9DE /* AppDelegate.h */ = {isa = PBXFileReference; lastKnownFileType = sourcecode.c.h; path = AppDelegate.h; sourceTree = "<group>"; };
		74E31C471E98870800F2E9DE /* AppDelegate.m */ = {isa = PBXFileReference; lastKnownFileType = sourcecode.c.objc; path = AppDelegate.m; sourceTree = "<group>"; };
		74E31C4D1E98870800F2E9DE /* Base */ = {isa = PBXFileReference; lastKnownFileType = file.storyboard; name = Base; path = Base.lproj/Main.storyboard; sourceTree = "<group>"; };
		74E31C4F1E98870800F2E9DE /* Assets.xcassets */ = {isa = PBXFileReference; lastKnownFileType = folder.assetcatalog; path = Assets.xcassets; sourceTree = "<group>"; };
		74E31C521E98870800F2E9DE /* Base */ = {isa = PBXFileReference; lastKnownFileType = file.storyboard; name = Base; path = Base.lproj/LaunchScreen.storyboard; sourceTree = "<group>"; };
		74E31C541E98870800F2E9DE /* Info.plist */ = {isa = PBXFileReference; lastKnownFileType = text.plist.xml; path = Info.plist; sourceTree = "<group>"; };
/* End PBXFileReference section */

/* Begin PBXFrameworksBuildPhase section */
		74E31C3D1E98870800F2E9DE /* Frameworks */ = {
			isa = PBXFrameworksBuildPhase;
			buildActionMask = 2147483647;
			files = (
			);
			runOnlyForDeploymentPostprocessing = 0;
		};
/* End PBXFrameworksBuildPhase section */

/* Begin PBXGroup section */
		74A804951E99E25000B2F07B /* MTTransition */ = {
			isa = PBXGroup;
			children = (
				74A8049C1E99E6E500B2F07B /* MTBasicTransition.h */,
				74A8049D1E99E6E500B2F07B /* MTBasicTransition.m */,
				74A8049F1E9A1CA600B2F07B /* MTNativeTransition.h */,
				74A804A01E9A1CA600B2F07B /* MTNativeTransition.m */,
				74A804A51E9A479C00B2F07B /* MTCircleSpreadTransition.h */,
				74A804A61E9A479C00B2F07B /* MTCircleSpreadTransition.m */,
			);
			name = MTTransition;
			path = MTLAnimationTransition;
			sourceTree = "<group>";
		};
		74E31C371E98870700F2E9DE = {
			isa = PBXGroup;
			children = (
				74E31C421E98870800F2E9DE /* MTLTransitionAnimation */,
				74E31C411E98870800F2E9DE /* Products */,
			);
			sourceTree = "<group>";
		};
		74E31C411E98870800F2E9DE /* Products */ = {
			isa = PBXGroup;
			children = (
				74E31C401E98870800F2E9DE /* MTLTransitionAnimation.app */,
			);
			name = Products;
			sourceTree = "<group>";
		};
		74E31C421E98870800F2E9DE /* MTLTransitionAnimation */ = {
			isa = PBXGroup;
			children = (
				74A804951E99E25000B2F07B /* MTTransition */,
				74E31C4C1E98870800F2E9DE /* Main.storyboard */,
				74A804961E99E59F00B2F07B /* FirstViewController.h */,
				74A804971E99E59F00B2F07B /* FirstViewController.m */,
				74A804991E99E63B00B2F07B /* SecondViewController.h */,
				74A8049A1E99E63B00B2F07B /* SecondViewController.m */,
				74E31C461E98870800F2E9DE /* AppDelegate.h */,
				74E31C471E98870800F2E9DE /* AppDelegate.m */,
				74E31C4F1E98870800F2E9DE /* Assets.xcassets */,
				74E31C431E98870800F2E9DE /* Supporting Files */,
			);
			path = MTLTransitionAnimation;
			sourceTree = "<group>";
		};
		74E31C431E98870800F2E9DE /* Supporting Files */ = {
			isa = PBXGroup;
			children = (
				74E31C511E98870800F2E9DE /* LaunchScreen.storyboard */,
				74E31C541E98870800F2E9DE /* Info.plist */,
				74E31C441E98870800F2E9DE /* main.m */,
			);
			name = "Supporting Files";
			sourceTree = "<group>";
		};
/* End PBXGroup section */

/* Begin PBXNativeTarget section */
		74E31C3F1E98870800F2E9DE /* MTLTransitionAnimation */ = {
			isa = PBXNativeTarget;
			buildConfigurationList = 74E31C571E98870800F2E9DE /* Build configuration list for PBXNativeTarget "MTLTransitionAnimation" */;
			buildPhases = (
				74E31C3C1E98870800F2E9DE /* Sources */,
				74E31C3D1E98870800F2E9DE /* Frameworks */,
				74E31C3E1E98870800F2E9DE /* Resources */,
			);
			buildRules = (
			);
			dependencies = (
			);
			name = MTLTransitionAnimation;
			productName = MTLTransitionAnimation;
			productReference = 74E31C401E98870800F2E9DE /* MTLTransitionAnimation.app */;
			productType = "com.apple.product-type.application";
		};
/* End PBXNativeTarget section */

/* Begin PBXProject section */
		74E31C381E98870700F2E9DE /* Project object */ = {
			isa = PBXProject;
			attributes = {
				LastUpgradeCheck = 0820;
				ORGANIZATIONNAME = xiaowei;
				TargetAttributes = {
					74E31C3F1E98870800F2E9DE = {
						CreatedOnToolsVersion = 8.2.1;
						ProvisioningStyle = Automatic;
					};
				};
			};
			buildConfigurationList = 74E31C3B1E98870700F2E9DE /* Build configuration list for PBXProject "MTLTransitionAnimation" */;
			compatibilityVersion = "Xcode 3.2";
			developmentRegion = English;
			hasScannedForEncodings = 0;
			knownRegions = (
				en,
				Base,
			);
			mainGroup = 74E31C371E98870700F2E9DE;
			productRefGroup = 74E31C411E98870800F2E9DE /* Products */;
			projectDirPath = "";
			projectRoot = "";
			targets = (
				74E31C3F1E98870800F2E9DE /* MTLTransitionAnimation */,
			);
		};
/* End PBXProject section */

/* Begin PBXResourcesBuildPhase section */
		74E31C3E1E98870800F2E9DE /* Resources */ = {
			isa = PBXResourcesBuildPhase;
			buildActionMask = 2147483647;
			files = (
				74E31C531E98870800F2E9DE /* LaunchScreen.storyboard in Resources */,
				74E31C501E98870800F2E9DE /* Assets.xcassets in Resources */,
				74E31C4E1E98870800F2E9DE /* Main.storyboard in Resources */,
			);
			runOnlyForDeploymentPostprocessing = 0;
		};
/* End PBXResourcesBuildPhase section */

/* Begin PBXSourcesBuildPhase section */
		74E31C3C1E98870800F2E9DE /* Sources */ = {
			isa = PBXSourcesBuildPhase;
			buildActionMask = 2147483647;
			files = (
				74A804A71E9A479C00B2F07B /* MTCircleSpreadTransition.m in Sources */,
				74A8049B1E99E63B00B2F07B /* SecondViewController.m in Sources */,
				74A804A11E9A1CA600B2F07B /* MTNativeTransition.m in Sources */,
				74E31C481E98870800F2E9DE /* AppDelegate.m in Sources */,
				74A804981E99E59F00B2F07B /* FirstViewController.m in Sources */,
				74E31C451E98870800F2E9DE /* main.m in Sources */,
				74A8049E1E99E6E500B2F07B /* MTBasicTransition.m in Sources */,
			);
			runOnlyForDeploymentPostprocessing = 0;
		};
/* End PBXSourcesBuildPhase section */

/* Begin PBXVariantGroup section */
		74E31C4C1E98870800F2E9DE /* Main.storyboard */ = {
			isa = PBXVariantGroup;
			children = (
				74E31C4D1E98870800F2E9DE /* Base */,
			);
			name = Main.storyboard;
			sourceTree = "<group>";
		};
		74E31C511E98870800F2E9DE /* LaunchScreen.storyboard */ = {
			isa = PBXVariantGroup;
			children = (
				74E31C521E98870800F2E9DE /* Base */,
			);
			name = LaunchScreen.storyboard;
			sourceTree = "<group>";
		};
/* End PBXVariantGroup section */

/* Begin XCBuildConfiguration section */
		74E31C551E98870800F2E9DE /* Debug */ = {
			isa = XCBuildConfiguration;
			buildSettings = {
				ALWAYS_SEARCH_USER_PATHS = NO;
				CLANG_ANALYZER_NONNULL = YES;
				CLANG_CXX_LANGUAGE_STANDARD = "gnu++0x";
				CLANG_CXX_LIBRARY = "libc++";
				CLANG_ENABLE_MODULES = YES;
				CLANG_ENABLE_OBJC_ARC = YES;
				CLANG_WARN_BOOL_CONVERSION = YES;
				CLANG_WARN_CONSTANT_CONVERSION = YES;
				CLANG_WARN_DIRECT_OBJC_ISA_USAGE = YES_ERROR;
				CLANG_WARN_DOCUMENTATION_COMMENTS = YES;
				CLANG_WARN_EMPTY_BODY = YES;
				CLANG_WARN_ENUM_CONVERSION = YES;
				CLANG_WARN_INFINITE_RECURSION = YES;
				CLANG_WARN_INT_CONVERSION = YES;
				CLANG_WARN_OBJC_ROOT_CLASS = YES_ERROR;
				CLANG_WARN_SUSPICIOUS_MOVE = YES;
				CLANG_WARN_UNREACHABLE_CODE = YES;
				CLANG_WARN__DUPLICATE_METHOD_MATCH = YES;
				"CODE_SIGN_IDENTITY[sdk=iphoneos*]" = "iPhone Developer";
				COPY_PHASE_STRIP = NO;
				DEBUG_INFORMATION_FORMAT = dwarf;
				ENABLE_STRICT_OBJC_MSGSEND = YES;
				ENABLE_TESTABILITY = YES;
				GCC_C_LANGUAGE_STANDARD = gnu99;
				GCC_DYNAMIC_NO_PIC = NO;
				GCC_NO_COMMON_BLOCKS = YES;
				GCC_OPTIMIZATION_LEVEL = 0;
				GCC_PREPROCESSOR_DEFINITIONS = (
					"DEBUG=1",
					"$(inherited)",
				);
				GCC_WARN_64_TO_32_BIT_CONVERSION = YES;
				GCC_WARN_ABOUT_RETURN_TYPE = YES_ERROR;
				GCC_WARN_UNDECLARED_SELECTOR = YES;
				GCC_WARN_UNINITIALIZED_AUTOS = YES_AGGRESSIVE;
				GCC_WARN_UNUSED_FUNCTION = YES;
				GCC_WARN_UNUSED_VARIABLE = YES;
				IPHONEOS_DEPLOYMENT_TARGET = 10.2;
				MTL_ENABLE_DEBUG_INFO = YES;
				ONLY_ACTIVE_ARCH = YES;
				SDKROOT = iphoneos;
				TARGETED_DEVICE_FAMILY = "1,2";
			};
			name = Debug;
		};
		74E31C561E98870800F2E9DE /* Release */ = {
			isa = XCBuildConfiguration;
			buildSettings = {
				ALWAYS_SEARCH_USER_PATHS = NO;
				CLANG_ANALYZER_NONNULL = YES;
				CLANG_CXX_LANGUAGE_STANDARD = "gnu++0x";
				CLANG_CXX_LIBRARY = "libc++";
				CLANG_ENABLE_MODULES = YES;
				CLANG_ENABLE_OBJC_ARC = YES;
				CLANG_WARN_BOOL_CONVERSION = YES;
				CLANG_WARN_CONSTANT_CONVERSION = YES;
				CLANG_WARN_DIRECT_OBJC_ISA_USAGE = YES_ERROR;
				CLANG_WARN_DOCUMENTATION_COMMENTS = YES;
				CLANG_WARN_EMPTY_BODY = YES;
				CLANG_WARN_ENUM_CONVERSION = YES;
				CLANG_WARN_INFINITE_RECURSION = YES;
				CLANG_WARN_INT_CONVERSION = YES;
				CLANG_WARN_OBJC_ROOT_CLASS = YES_ERROR;
				CLANG_WARN_SUSPICIOUS_MOVE = YES;
				CLANG_WARN_UNREACHABLE_CODE = YES;
				CLANG_WARN__DUPLICATE_METHOD_MATCH = YES;
				"CODE_SIGN_IDENTITY[sdk=iphoneos*]" = "iPhone Developer";
				COPY_PHASE_STRIP = NO;
				DEBUG_INFORMATION_FORMAT = "dwarf-with-dsym";
				ENABLE_NS_ASSERTIONS = NO;
				ENABLE_STRICT_OBJC_MSGSEND = YES;
				GCC_C_LANGUAGE_STANDARD = gnu99;
				GCC_NO_COMMON_BLOCKS = YES;
				GCC_WARN_64_TO_32_BIT_CONVERSION = YES;
				GCC_WARN_ABOUT_RETURN_TYPE = YES_ERROR;
				GCC_WARN_UNDECLARED_SELECTOR = YES;
				GCC_WARN_UNINITIALIZED_AUTOS = YES_AGGRESSIVE;
				GCC_WARN_UNUSED_FUNCTION = YES;
				GCC_WARN_UNUSED_VARIABLE = YES;
				IPHONEOS_DEPLOYMENT_TARGET = 10.2;
				MTL_ENABLE_DEBUG_INFO = NO;
				SDKROOT = iphoneos;
				TARGETED_DEVICE_FAMILY = "1,2";
				VALIDATE_PRODUCT = YES;
			};
			name = Release;
		};
		74E31C581E98870800F2E9DE /* Debug */ = {
			isa = XCBuildConfiguration;
			buildSettings = {
				ASSETCATALOG_COMPILER_APPICON_NAME = AppIcon;
				INFOPLIST_FILE = MTLTransitionAnimation/Info.plist;
				LD_RUNPATH_SEARCH_PATHS = "$(inherited) @executable_path/Frameworks";
				PRODUCT_BUNDLE_IDENTIFIER = com.xiaowei.MTLTransitionAnimation;
				PRODUCT_NAME = "$(TARGET_NAME)";
			};
			name = Debug;
		};
		74E31C591E98870800F2E9DE /* Release */ = {
			isa = XCBuildConfiguration;
			buildSettings = {
				ASSETCATALOG_COMPILER_APPICON_NAME = AppIcon;
				INFOPLIST_FILE = MTLTransitionAnimation/Info.plist;
				LD_RUNPATH_SEARCH_PATHS = "$(inherited) @executable_path/Frameworks";
				PRODUCT_BUNDLE_IDENTIFIER = com.xiaowei.MTLTransitionAnimation;
				PRODUCT_NAME = "$(TARGET_NAME)";
			};
			name = Release;
		};
/* End XCBuildConfiguration section */

/* Begin XCConfigurationList section */
		74E31C3B1E98870700F2E9DE /* Build configuration list for PBXProject "MTLTransitionAnimation" */ = {
			isa = XCConfigurationList;
			buildConfigurations = (
				74E31C551E98870800F2E9DE /* Debug */,
				74E31C561E98870800F2E9DE /* Release */,
			);
			defaultConfigurationIsVisible = 0;
			defaultConfigurationName = Release;
		};
		74E31C571E98870800F2E9DE /* Build configuration list for PBXNativeTarget "MTLTransitionAnimation" */ = {
			isa = XCConfigurationList;
			buildConfigurations = (
				74E31C581E98870800F2E9DE /* Debug */,
				74E31C591E98870800F2E9DE /* Release */,
			);
			defaultConfigurationIsVisible = 0;
			defaultConfigurationName = Release;
		};
/* End XCConfigurationList section */
	};
	rootObject = 74E31C381E98870700F2E9DE /* Project object */;
}
